// !$*UTF8*$!
{
	archiveVersion = 1;
	classes = {
	};
	objectVersion = 55;
	objects = {

/* Begin PBXBuildFile section */
		3CF210AF2717970500D6C1D6 /* AppDelegate.swift in Sources */ = {isa = PBXBuildFile; fileRef = 3CF210AE2717970500D6C1D6 /* AppDelegate.swift */; };
		3CF210B12717970500D6C1D6 /* SceneDelegate.swift in Sources */ = {isa = PBXBuildFile; fileRef = 3CF210B02717970500D6C1D6 /* SceneDelegate.swift */; };
		3CF210B32717970500D6C1D6 /* ViewController.swift in Sources */ = {isa = PBXBuildFile; fileRef = 3CF210B22717970500D6C1D6 /* ViewController.swift */; };
		3CF210B62717970500D6C1D6 /* Main.storyboard in Resources */ = {isa = PBXBuildFile; fileRef = 3CF210B42717970500D6C1D6 /* Main.storyboard */; };
		3CF210B82717970900D6C1D6 /* Assets.xcassets in Resources */ = {isa = PBXBuildFile; fileRef = 3CF210B72717970900D6C1D6 /* Assets.xcassets */; };
		3CF210BB2717970900D6C1D6 /* LaunchScreen.storyboard in Resources */ = {isa = PBXBuildFile; fileRef = 3CF210B92717970900D6C1D6 /* LaunchScreen.storyboard */; };
		3CF210C62717970900D6C1D6 /* AutoLayoutAppTests.swift in Sources */ = {isa = PBXBuildFile; fileRef = 3CF210C52717970900D6C1D6 /* AutoLayoutAppTests.swift */; };
		3CF210D02717970900D6C1D6 /* AutoLayoutAppUITests.swift in Sources */ = {isa = PBXBuildFile; fileRef = 3CF210CF2717970900D6C1D6 /* AutoLayoutAppUITests.swift */; };
		3CF210D22717970900D6C1D6 /* AutoLayoutAppUITestsLaunchTests.swift in Sources */ = {isa = PBXBuildFile; fileRef = 3CF210D12717970900D6C1D6 /* AutoLayoutAppUITestsLaunchTests.swift */; };
/* End PBXBuildFile section */

/* Begin PBXContainerItemProxy section */
		3CF210C22717970900D6C1D6 /* PBXContainerItemProxy */ = {
			isa = PBXContainerItemProxy;
			containerPortal = 3CF210A32717970500D6C1D6 /* Project object */;
			proxyType = 1;
			remoteGlobalIDString = 3CF210AA2717970500D6C1D6;
			remoteInfo = AutoLayoutApp;
		};
		3CF210CC2717970900D6C1D6 /* PBXContainerItemProxy */ = {
			isa = PBXContainerItemProxy;
			containerPortal = 3CF210A32717970500D6C1D6 /* Project object */;
			proxyType = 1;
			remoteGlobalIDString = 3CF210AA2717970500D6C1D6;
			remoteInfo = AutoLayoutApp;
		};
/* End PBXContainerItemProxy section */

/* Begin PBXFileReference section */
		3CF210AB2717970500D6C1D6 /* AutoLayoutApp.app */ = {isa = PBXFileReference; explicitFileType = wrapper.application; includeInIndex = 0; path = AutoLayoutApp.app; sourceTree = BUILT_PRODUCTS_DIR; };
		3CF210AE2717970500D6C1D6 /* AppDelegate.swift */ = {isa = PBXFileReference; lastKnownFileType = sourcecode.swift; path = AppDelegate.swift; sourceTree = "<group>"; };
		3CF210B02717970500D6C1D6 /* SceneDelegate.swift */ = {isa = PBXFileReference; lastKnownFileType = sourcecode.swift; path = SceneDelegate.swift; sourceTree = "<group>"; };
		3CF210B22717970500D6C1D6 /* ViewController.swift */ = {isa = PBXFileReference; lastKnownFileType = sourcecode.swift; path = ViewController.swift; sourceTree = "<group>"; };
		3CF210B52717970500D6C1D6 /* Base */ = {isa = PBXFileReference; lastKnownFileType = file.storyboard; name = Base; path = Base.lproj/Main.storyboard; sourceTree = "<group>"; };
		3CF210B72717970900D6C1D6 /* Assets.xcassets */ = {isa = PBXFileReference; lastKnownFileType = folder.assetcatalog; path = Assets.xcassets; sourceTree = "<group>"; };
		3CF210BA2717970900D6C1D6 /* Base */ = {isa = PBXFileReference; lastKnownFileType = file.storyboard; name = Base; path = Base.lproj/LaunchScreen.storyboard; sourceTree = "<group>"; };
		3CF210BC2717970900D6C1D6 /* Info.plist */ = {isa = PBXFileReference; lastKnownFileType = text.plist.xml; path = Info.plist; sourceTree = "<group>"; };
		3CF210C12717970900D6C1D6 /* AutoLayoutAppTests.xctest */ = {isa = PBXFileReference; explicitFileType = wrapper.cfbundle; includeInIndex = 0; path = AutoLayoutAppTests.xctest; sourceTree = BUILT_PRODUCTS_DIR; };
		3CF210C52717970900D6C1D6 /* AutoLayoutAppTests.swift */ = {isa = PBXFileReference; lastKnownFileType = sourcecode.swift; path = AutoLayoutAppTests.swift; sourceTree = "<group>"; };
		3CF210CB2717970900D6C1D6 /* AutoLayoutAppUITests.xctest */ = {isa = PBXFileReference; explicitFileType = wrapper.cfbundle; includeInIndex = 0; path = AutoLayoutAppUITests.xctest; sourceTree = BUILT_PRODUCTS_DIR; };
		3CF210CF2717970900D6C1D6 /* AutoLayoutAppUITests.swift */ = {isa = PBXFileReference; lastKnownFileType = sourcecode.swift; path = AutoLayoutAppUITests.swift; sourceTree = "<group>"; };
		3CF210D12717970900D6C1D6 /* AutoLayoutAppUITestsLaunchTests.swift */ = {isa = PBXFileReference; lastKnownFileType = sourcecode.swift; path = AutoLayoutAppUITestsLaunchTests.swift; sourceTree = "<group>"; };
/* End PBXFileReference section */

/* Begin PBXFrameworksBuildPhase section */
		3CF210A82717970500D6C1D6 /* Frameworks */ = {
			isa = PBXFrameworksBuildPhase;
			buildActionMask = 2147483647;
			files = (
			);
			runOnlyForDeploymentPostprocessing = 0;
		};
		3CF210BE2717970900D6C1D6 /* Frameworks */ = {
			isa = PBXFrameworksBuildPhase;
			buildActionMask = 2147483647;
			files = (
			);
			runOnlyForDeploymentPostprocessing = 0;
		};
		3CF210C82717970900D6C1D6 /* Frameworks */ = {
			isa = PBXFrameworksBuildPhase;
			buildActionMask = 2147483647;
			files = (
			);
			runOnlyForDeploymentPostprocessing = 0;
		};
/* End PBXFrameworksBuildPhase section */

/* Begin PBXGroup section */
		3CF210A22717970500D6C1D6 = {
			isa = PBXGroup;
			children = (
				3CF210AD2717970500D6C1D6 /* AutoLayoutApp */,
				3CF210C42717970900D6C1D6 /* AutoLayoutAppTests */,
				3CF210CE2717970900D6C1D6 /* AutoLayoutAppUITests */,
				3CF210AC2717970500D6C1D6 /* Products */,
			);
			sourceTree = "<group>";
		};
		3CF210AC2717970500D6C1D6 /* Products */ = {
			isa = PBXGroup;
			children = (
				3CF210AB2717970500D6C1D6 /* AutoLayoutApp.app */,
				3CF210C12717970900D6C1D6 /* AutoLayoutAppTests.xctest */,
				3CF210CB2717970900D6C1D6 /* AutoLayoutAppUITests.xctest */,
			);
			name = Products;
			sourceTree = "<group>";
		};
		3CF210AD2717970500D6C1D6 /* AutoLayoutApp */ = {
			isa = PBXGroup;
			children = (
				3CF210AE2717970500D6C1D6 /* AppDelegate.swift */,
				3CF210B02717970500D6C1D6 /* SceneDelegate.swift */,
				3CF210B22717970500D6C1D6 /* ViewController.swift */,
				3CF210B42717970500D6C1D6 /* Main.storyboard */,
				3CF210B72717970900D6C1D6 /* Assets.xcassets */,
				3CF210B92717970900D6C1D6 /* LaunchScreen.storyboard */,
				3CF210BC2717970900D6C1D6 /* Info.plist */,
			);
			path = AutoLayoutApp;
			sourceTree = "<group>";
		};
		3CF210C42717970900D6C1D6 /* AutoLayoutAppTests */ = {
			isa = PBXGroup;
			children = (
				3CF210C52717970900D6C1D6 /* AutoLayoutAppTests.swift */,
			);
			path = AutoLayoutAppTests;
			sourceTree = "<group>";
		};
		3CF210CE2717970900D6C1D6 /* AutoLayoutAppUITests */ = {
			isa = PBXGroup;
			children = (
				3CF210CF2717970900D6C1D6 /* AutoLayoutAppUITests.swift */,
				3CF210D12717970900D6C1D6 /* AutoLayoutAppUITestsLaunchTests.swift */,
			);
			path = AutoLayoutAppUITests;
			sourceTree = "<group>";
		};
/* End PBXGroup section */

/* Begin PBXNativeTarget section */
		3CF210AA2717970500D6C1D6 /* AutoLayoutApp */ = {
			isa = PBXNativeTarget;
			buildConfigurationList = 3CF210D52717970900D6C1D6 /* Build configuration list for PBXNativeTarget "AutoLayoutApp" */;
			buildPhases = (
				3CF210A72717970500D6C1D6 /* Sources */,
				3CF210A82717970500D6C1D6 /* Frameworks */,
				3CF210A92717970500D6C1D6 /* Resources */,
			);
			buildRules = (
			);
			dependencies = (
			);
			name = AutoLayoutApp;
			productName = AutoLayoutApp;
			productReference = 3CF210AB2717970500D6C1D6 /* AutoLayoutApp.app */;
			productType = "com.apple.product-type.application";
		};
		3CF210C02717970900D6C1D6 /* AutoLayoutAppTests */ = {
			isa = PBXNativeTarget;
			buildConfigurationList = 3CF210D82717970900D6C1D6 /* Build configuration list for PBXNativeTarget "AutoLayoutAppTests" */;
			buildPhases = (
				3CF210BD2717970900D6C1D6 /* Sources */,
				3CF210BE2717970900D6C1D6 /* Frameworks */,
				3CF210BF2717970900D6C1D6 /* Resources */,
			);
			buildRules = (
			);
			dependencies = (
				3CF210C32717970900D6C1D6 /* PBXTargetDependency */,
			);
			name = AutoLayoutAppTests;
			productName = AutoLayoutAppTests;
			productReference = 3CF210C12717970900D6C1D6 /* AutoLayoutAppTests.xctest */;
			productType = "com.apple.product-type.bundle.unit-test";
		};
		3CF210CA2717970900D6C1D6 /* AutoLayoutAppUITests */ = {
			isa = PBXNativeTarget;
			buildConfigurationList = 3CF210DB2717970900D6C1D6 /* Build configuration list for PBXNativeTarget "AutoLayoutAppUITests" */;
			buildPhases = (
				3CF210C72717970900D6C1D6 /* Sources */,
				3CF210C82717970900D6C1D6 /* Frameworks */,
				3CF210C92717970900D6C1D6 /* Resources */,
			);
			buildRules = (
			);
			dependencies = (
				3CF210CD2717970900D6C1D6 /* PBXTargetDependency */,
			);
			name = AutoLayoutAppUITests;
			productName = AutoLayoutAppUITests;
			productReference = 3CF210CB2717970900D6C1D6 /* AutoLayoutAppUITests.xctest */;
			productType = "com.apple.product-type.bundle.ui-testing";
		};
/* End PBXNativeTarget section */

/* Begin PBXProject section */
		3CF210A32717970500D6C1D6 /* Project object */ = {
			isa = PBXProject;
			attributes = {
				BuildIndependentTargetsInParallel = 1;
				LastSwiftUpdateCheck = 1300;
				LastUpgradeCheck = 1300;
				TargetAttributes = {
					3CF210AA2717970500D6C1D6 = {
						CreatedOnToolsVersion = 13.0;
					};
					3CF210C02717970900D6C1D6 = {
						CreatedOnToolsVersion = 13.0;
						TestTargetID = 3CF210AA2717970500D6C1D6;
					};
					3CF210CA2717970900D6C1D6 = {
						CreatedOnToolsVersion = 13.0;
						TestTargetID = 3CF210AA2717970500D6C1D6;
					};
				};
			};
			buildConfigurationList = 3CF210A62717970500D6C1D6 /* Build configuration list for PBXProject "AutoLayoutApp" */;
			compatibilityVersion = "Xcode 13.0";
			developmentRegion = en;
			hasScannedForEncodings = 0;
			knownRegions = (
				en,
				Base,
			);
			mainGroup = 3CF210A22717970500D6C1D6;
			productRefGroup = 3CF210AC2717970500D6C1D6 /* Products */;
			projectDirPath = "";
			projectRoot = "";
			targets = (
				3CF210AA2717970500D6C1D6 /* AutoLayoutApp */,
				3CF210C02717970900D6C1D6 /* AutoLayoutAppTests */,
				3CF210CA2717970900D6C1D6 /* AutoLayoutAppUITests */,
			);
		};
/* End PBXProject section */

/* Begin PBXResourcesBuildPhase section */
		3CF210A92717970500D6C1D6 /* Resources */ = {
			isa = PBXResourcesBuildPhase;
			buildActionMask = 2147483647;
			files = (
				3CF210BB2717970900D6C1D6 /* LaunchScreen.storyboard in Resources */,
				3CF210B82717970900D6C1D6 /* Assets.xcassets in Resources */,
				3CF210B62717970500D6C1D6 /* Main.storyboard in Resources */,
			);
			runOnlyForDeploymentPostprocessing = 0;
		};
		3CF210BF2717970900D6C1D6 /* Resources */ = {
			isa = PBXResourcesBuildPhase;
			buildActionMask = 2147483647;
			files = (
			);
			runOnlyForDeploymentPostprocessing = 0;
		};
		3CF210C92717970900D6C1D6 /* Resources */ = {
			isa = PBXResourcesBuildPhase;
			buildActionMask = 2147483647;
			files = (
			);
			runOnlyForDeploymentPostprocessing = 0;
		};
/* End PBXResourcesBuildPhase section */

/* Begin PBXSourcesBuildPhase section */
		3CF210A72717970500D6C1D6 /* Sources */ = {
			isa = PBXSourcesBuildPhase;
			buildActionMask = 2147483647;
			files = (
				3CF210B32717970500D6C1D6 /* ViewController.swift in Sources */,
				3CF210AF2717970500D6C1D6 /* AppDelegate.swift in Sources */,
				3CF210B12717970500D6C1D6 /* SceneDelegate.swift in Sources */,
			);
			runOnlyForDeploymentPostprocessing = 0;
		};
		3CF210BD2717970900D6C1D6 /* Sources */ = {
			isa = PBXSourcesBuildPhase;
			buildActionMask = 2147483647;
			files = (
				3CF210C62717970900D6C1D6 /* AutoLayoutAppTests.swift in Sources */,
			);
			runOnlyForDeploymentPostprocessing = 0;
		};
		3CF210C72717970900D6C1D6 /* Sources */ = {
			isa = PBXSourcesBuildPhase;
			buildActionMask = 2147483647;
			files = (
				3CF210D02717970900D6C1D6 /* AutoLayoutAppUITests.swift in Sources */,
				3CF210D22717970900D6C1D6 /* AutoLayoutAppUITestsLaunchTests.swift in Sources */,
			);
			runOnlyForDeploymentPostprocessing = 0;
		};
/* End PBXSourcesBuildPhase section */

/* Begin PBXTargetDependency section */
		3CF210C32717970900D6C1D6 /* PBXTargetDependency */ = {
			isa = PBXTargetDependency;
			target = 3CF210AA2717970500D6C1D6 /* AutoLayoutApp */;
			targetProxy = 3CF210C22717970900D6C1D6 /* PBXContainerItemProxy */;
		};
		3CF210CD2717970900D6C1D6 /* PBXTargetDependency */ = {
			isa = PBXTargetDependency;
			target = 3CF210AA2717970500D6C1D6 /* AutoLayoutApp */;
			targetProxy = 3CF210CC2717970900D6C1D6 /* PBXContainerItemProxy */;
		};
/* End PBXTargetDependency section */

/* Begin PBXVariantGroup section */
		3CF210B42717970500D6C1D6 /* Main.storyboard */ = {
			isa = PBXVariantGroup;
			children = (
				3CF210B52717970500D6C1D6 /* Base */,
			);
			name = Main.storyboard;
			sourceTree = "<group>";
		};
		3CF210B92717970900D6C1D6 /* LaunchScreen.storyboard */ = {
			isa = PBXVariantGroup;
			children = (
				3CF210BA2717970900D6C1D6 /* Base */,
			);
			name = LaunchScreen.storyboard;
			sourceTree = "<group>";
		};
/* End PBXVariantGroup section */

/* Begin XCBuildConfiguration section */
		3CF210D32717970900D6C1D6 /* Debug */ = {
			isa = XCBuildConfiguration;
			buildSettings = {
				ALWAYS_SEARCH_USER_PATHS = NO;
				CLANG_ANALYZER_NONNULL = YES;
				CLANG_ANALYZER_NUMBER_OBJECT_CONVERSION = YES_AGGRESSIVE;
				CLANG_CXX_LANGUAGE_STANDARD = "gnu++17";
				CLANG_CXX_LIBRARY = "libc++";
				CLANG_ENABLE_MODULES = YES;
				CLANG_ENABLE_OBJC_ARC = YES;
				CLANG_ENABLE_OBJC_WEAK = YES;
				CLANG_WARN_BLOCK_CAPTURE_AUTORELEASING = YES;
				CLANG_WARN_BOOL_CONVERSION = YES;
				CLANG_WARN_COMMA = YES;
				CLANG_WARN_CONSTANT_CONVERSION = YES;
				CLANG_WARN_DEPRECATED_OBJC_IMPLEMENTATIONS = YES;
				CLANG_WARN_DIRECT_OBJC_ISA_USAGE = YES_ERROR;
				CLANG_WARN_DOCUMENTATION_COMMENTS = YES;
				CLANG_WARN_EMPTY_BODY = YES;
				CLANG_WARN_ENUM_CONVERSION = YES;
				CLANG_WARN_INFINITE_RECURSION = YES;
				CLANG_WARN_INT_CONVERSION = YES;
				CLANG_WARN_NON_LITERAL_NULL_CONVERSION = YES;
				CLANG_WARN_OBJC_IMPLICIT_RETAIN_SELF = YES;
				CLANG_WARN_OBJC_LITERAL_CONVERSION = YES;
				CLANG_WARN_OBJC_ROOT_CLASS = YES_ERROR;
				CLANG_WARN_QUOTED_INCLUDE_IN_FRAMEWORK_HEADER = YES;
				CLANG_WARN_RANGE_LOOP_ANALYSIS = YES;
				CLANG_WARN_STRICT_PROTOTYPES = YES;
				CLANG_WARN_SUSPICIOUS_MOVE = YES;
				CLANG_WARN_UNGUARDED_AVAILABILITY = YES_AGGRESSIVE;
				CLANG_WARN_UNREACHABLE_CODE = YES;
				CLANG_WARN__DUPLICATE_METHOD_MATCH = YES;
				COPY_PHASE_STRIP = NO;
				DEBUG_INFORMATION_FORMAT = dwarf;
				ENABLE_STRICT_OBJC_MSGSEND = YES;
				ENABLE_TESTABILITY = YES;
				GCC_C_LANGUAGE_STANDARD = gnu11;
				GCC_DYNAMIC_NO_PIC = NO;
				GCC_NO_COMMON_BLOCKS = YES;
				GCC_OPTIMIZATION_LEVEL = 0;
				GCC_PREPROCESSOR_DEFINITIONS = (
					"DEBUG=1",
					"$(inherited)",
				);
				GCC_WARN_64_TO_32_BIT_CONVERSION = YES;
				GCC_WARN_ABOUT_RETURN_TYPE = YES_ERROR;
				GCC_WARN_UNDECLARED_SELECTOR = YES;
				GCC_WARN_UNINITIALIZED_AUTOS = YES_AGGRESSIVE;
				GCC_WARN_UNUSED_FUNCTION = YES;
				GCC_WARN_UNUSED_VARIABLE = YES;
				IPHONEOS_DEPLOYMENT_TARGET = 15.0;
				MTL_ENABLE_DEBUG_INFO = INCLUDE_SOURCE;
				MTL_FAST_MATH = YES;
				ONLY_ACTIVE_ARCH = YES;
				SDKROOT = iphoneos;
				SWIFT_ACTIVE_COMPILATION_CONDITIONS = DEBUG;
				SWIFT_OPTIMIZATION_LEVEL = "-Onone";
			};
			name = Debug;
		};
		3CF210D42717970900D6C1D6 /* Release */ = {
			isa = XCBuildConfiguration;
			buildSettings = {
				ALWAYS_SEARCH_USER_PATHS = NO;
				CLANG_ANALYZER_NONNULL = YES;
				CLANG_ANALYZER_NUMBER_OBJECT_CONVERSION = YES_AGGRESSIVE;
				CLANG_CXX_LANGUAGE_STANDARD = "gnu++17";
				CLANG_CXX_LIBRARY = "libc++";
				CLANG_ENABLE_MODULES = YES;
				CLANG_ENABLE_OBJC_ARC = YES;
				CLANG_ENABLE_OBJC_WEAK = YES;
				CLANG_WARN_BLOCK_CAPTURE_AUTORELEASING = YES;
				CLANG_WARN_BOOL_CONVERSION = YES;
				CLANG_WARN_COMMA = YES;
				CLANG_WARN_CONSTANT_CONVERSION = YES;
				CLANG_WARN_DEPRECATED_OBJC_IMPLEMENTATIONS = YES;
				CLANG_WARN_DIRECT_OBJC_ISA_USAGE = YES_ERROR;
				CLANG_WARN_DOCUMENTATION_COMMENTS = YES;
				CLANG_WARN_EMPTY_BODY = YES;
				CLANG_WARN_ENUM_CONVERSION = YES;
				CLANG_WARN_INFINITE_RECURSION = YES;
				CLANG_WARN_INT_CONVERSION = YES;
				CLANG_WARN_NON_LITERAL_NULL_CONVERSION = YES;
				CLANG_WARN_OBJC_IMPLICIT_RETAIN_SELF = YES;
				CLANG_WARN_OBJC_LITERAL_CONVERSION = YES;
				CLANG_WARN_OBJC_ROOT_CLASS = YES_ERROR;
				CLANG_WARN_QUOTED_INCLUDE_IN_FRAMEWORK_HEADER = YES;
				CLANG_WARN_RANGE_LOOP_ANALYSIS = YES;
				CLANG_WARN_STRICT_PROTOTYPES = YES;
				CLANG_WARN_SUSPICIOUS_MOVE = YES;
				CLANG_WARN_UNGUARDED_AVAILABILITY = YES_AGGRESSIVE;
				CLANG_WARN_UNREACHABLE_CODE = YES;
				CLANG_WARN__DUPLICATE_METHOD_MATCH = YES;
				COPY_PHASE_STRIP = NO;
				DEBUG_INFORMATION_FORMAT = "dwarf-with-dsym";
				ENABLE_NS_ASSERTIONS = NO;
				ENABLE_STRICT_OBJC_MSGSEND = YES;
				GCC_C_LANGUAGE_STANDARD = gnu11;
				GCC_NO_COMMON_BLOCKS = YES;
				GCC_WARN_64_TO_32_BIT_CONVERSION = YES;
				GCC_WARN_ABOUT_RETURN_TYPE = YES_ERROR;
				GCC_WARN_UNDECLARED_SELECTOR = YES;
				GCC_WARN_UNINITIALIZED_AUTOS = YES_AGGRESSIVE;
				GCC_WARN_UNUSED_FUNCTION = YES;
				GCC_WARN_UNUSED_VARIABLE = YES;
				IPHONEOS_DEPLOYMENT_TARGET = 15.0;
				MTL_ENABLE_DEBUG_INFO = NO;
				MTL_FAST_MATH = YES;
				SDKROOT = iphoneos;
				SWIFT_COMPILATION_MODE = wholemodule;
				SWIFT_OPTIMIZATION_LEVEL = "-O";
				VALIDATE_PRODUCT = YES;
			};
			name = Release;
		};
		3CF210D62717970900D6C1D6 /* Debug */ = {
			isa = XCBuildConfiguration;
			buildSettings = {
				ASSETCATALOG_COMPILER_APPICON_NAME = AppIcon;
				ASSETCATALOG_COMPILER_GLOBAL_ACCENT_COLOR_NAME = AccentColor;
				CODE_SIGN_STYLE = Automatic;
				CURRENT_PROJECT_VERSION = 1;
				DEVELOPMENT_TEAM = QY6588RGZ6;
				GENERATE_INFOPLIST_FILE = YES;
				INFOPLIST_FILE = AutoLayoutApp/Info.plist;
				INFOPLIST_KEY_UIApplicationSupportsIndirectInputEvents = YES;
				INFOPLIST_KEY_UILaunchStoryboardName = LaunchScreen;
				INFOPLIST_KEY_UIMainStoryboardFile = Main;
				INFOPLIST_KEY_UISupportedInterfaceOrientations_iPad = "UIInterfaceOrientationPortrait UIInterfaceOrientationPortraitUpsideDown UIInterfaceOrientationLandscapeLeft UIInterfaceOrientationLandscapeRight";
				INFOPLIST_KEY_UISupportedInterfaceOrientations_iPhone = "UIInterfaceOrientationPortrait UIInterfaceOrientationLandscapeLeft UIInterfaceOrientationLandscapeRight";
				LD_RUNPATH_SEARCH_PATHS = (
					"$(inherited)",
					"@executable_path/Frameworks",
				);
				MARKETING_VERSION = 1.0;
				PRODUCT_BUNDLE_IDENTIFIER = comyy04022.AutoLayoutApp;
				PRODUCT_NAME = "$(TARGET_NAME)";
				SWIFT_EMIT_LOC_STRINGS = YES;
				SWIFT_VERSION = 5.0;
				TARGETED_DEVICE_FAMILY = "1,2";
			};
			name = Debug;
		};
		3CF210D72717970900D6C1D6 /* Release */ = {
			isa = XCBuildConfiguration;
			buildSettings = {
				ASSETCATALOG_COMPILER_APPICON_NAME = AppIcon;
				ASSETCATALOG_COMPILER_GLOBAL_ACCENT_COLOR_NAME = AccentColor;
				CODE_SIGN_STYLE = Automatic;
				CURRENT_PROJECT_VERSION = 1;
				DEVELOPMENT_TEAM = QY6588RGZ6;
				GENERATE_INFOPLIST_FILE = YES;
				INFOPLIST_FILE = AutoLayoutApp/Info.plist;
				INFOPLIST_KEY_UIApplicationSupportsIndirectInputEvents = YES;
				INFOPLIST_KEY_UILaunchStoryboardName = LaunchScreen;
				INFOPLIST_KEY_UIMainStoryboardFile = Main;
				INFOPLIST_KEY_UISupportedInterfaceOrientations_iPad = "UIInterfaceOrientationPortrait UIInterfaceOrientationPortraitUpsideDown UIInterfaceOrientationLandscapeLeft UIInterfaceOrientationLandscapeRight";
				INFOPLIST_KEY_UISupportedInterfaceOrientations_iPhone = "UIInterfaceOrientationPortrait UIInterfaceOrientationLandscapeLeft UIInterfaceOrientationLandscapeRight";
				LD_RUNPATH_SEARCH_PATHS = (
					"$(inherited)",
					"@executable_path/Frameworks",
				);
				MARKETING_VERSION = 1.0;
				PRODUCT_BUNDLE_IDENTIFIER = comyy04022.AutoLayoutApp;
				PRODUCT_NAME = "$(TARGET_NAME)";
				SWIFT_EMIT_LOC_STRINGS = YES;
				SWIFT_VERSION = 5.0;
				TARGETED_DEVICE_FAMILY = "1,2";
			};
			name = Release;
		};
		3CF210D92717970900D6C1D6 /* Debug */ = {
			isa = XCBuildConfiguration;
			buildSettings = {
				ALWAYS_EMBED_SWIFT_STANDARD_LIBRARIES = YES;
				BUNDLE_LOADER = "$(TEST_HOST)";
				CODE_SIGN_STYLE = Automatic;
				CURRENT_PROJECT_VERSION = 1;
				DEVELOPMENT_TEAM = QY6588RGZ6;
				GENERATE_INFOPLIST_FILE = YES;
				IPHONEOS_DEPLOYMENT_TARGET = 15.0;
				LD_RUNPATH_SEARCH_PATHS = (
					"$(inherited)",
					"@executable_path/Frameworks",
					"@loader_path/Frameworks",
				);
				MARKETING_VERSION = 1.0;
				PRODUCT_BUNDLE_IDENTIFIER = comyy04022.AutoLayoutAppTests;
				PRODUCT_NAME = "$(TARGET_NAME)";
				SWIFT_EMIT_LOC_STRINGS = NO;
				SWIFT_VERSION = 5.0;
				TARGETED_DEVICE_FAMILY = "1,2";
				TEST_HOST = "$(BUILT_PRODUCTS_DIR)/AutoLayoutApp.app/AutoLayoutApp";
			};
			name = Debug;
		};
		3CF210DA2717970900D6C1D6 /* Release */ = {
			isa = XCBuildConfiguration;
			buildSettings = {
				ALWAYS_EMBED_SWIFT_STANDARD_LIBRARIES = YES;
				BUNDLE_LOADER = "$(TEST_HOST)";
				CODE_SIGN_STYLE = Automatic;
				CURRENT_PROJECT_VERSION = 1;
				DEVELOPMENT_TEAM = QY6588RGZ6;
				GENERATE_INFOPLIST_FILE = YES;
				IPHONEOS_DEPLOYMENT_TARGET = 15.0;
				LD_RUNPATH_SEARCH_PATHS = (
					"$(inherited)",
					"@executable_path/Frameworks",
					"@loader_path/Frameworks",
				);
				MARKETING_VERSION = 1.0;
				PRODUCT_BUNDLE_IDENTIFIER = comyy04022.AutoLayoutAppTests;
				PRODUCT_NAME = "$(TARGET_NAME)";
				SWIFT_EMIT_LOC_STRINGS = NO;
				SWIFT_VERSION = 5.0;
				TARGETED_DEVICE_FAMILY = "1,2";
				TEST_HOST = "$(BUILT_PRODUCTS_DIR)/AutoLayoutApp.app/AutoLayoutApp";
			};
			name = Release;
		};
		3CF210DC2717970900D6C1D6 /* Debug */ = {
			isa = XCBuildConfiguration;
			buildSettings = {
				ALWAYS_EMBED_SWIFT_STANDARD_LIBRARIES = YES;
				CODE_SIGN_STYLE = Automatic;
				CURRENT_PROJECT_VERSION = 1;
				DEVELOPMENT_TEAM = QY6588RGZ6;
				GENERATE_INFOPLIST_FILE = YES;
				LD_RUNPATH_SEARCH_PATHS = (
					"$(inherited)",
					"@executable_path/Frameworks",
					"@loader_path/Frameworks",
				);
				MARKETING_VERSION = 1.0;
				PRODUCT_BUNDLE_IDENTIFIER = comyy04022.AutoLayoutAppUITests;
				PRODUCT_NAME = "$(TARGET_NAME)";
				SWIFT_EMIT_LOC_STRINGS = NO;
				SWIFT_VERSION = 5.0;
				TARGETED_DEVICE_FAMILY = "1,2";
				TEST_TARGET_NAME = AutoLayoutApp;
			};
			name = Debug;
		};
		3CF210DD2717970900D6C1D6 /* Release */ = {
			isa = XCBuildConfiguration;
			buildSettings = {
				ALWAYS_EMBED_SWIFT_STANDARD_LIBRARIES = YES;
				CODE_SIGN_STYLE = Automatic;
				CURRENT_PROJECT_VERSION = 1;
				DEVELOPMENT_TEAM = QY6588RGZ6;
				GENERATE_INFOPLIST_FILE = YES;
				LD_RUNPATH_SEARCH_PATHS = (
					"$(inherited)",
					"@executable_path/Frameworks",
					"@loader_path/Frameworks",
				);
				MARKETING_VERSION = 1.0;
				PRODUCT_BUNDLE_IDENTIFIER = comyy04022.AutoLayoutAppUITests;
				PRODUCT_NAME = "$(TARGET_NAME)";
				SWIFT_EMIT_LOC_STRINGS = NO;
				SWIFT_VERSION = 5.0;
				TARGETED_DEVICE_FAMILY = "1,2";
				TEST_TARGET_NAME = AutoLayoutApp;
			};
			name = Release;
		};
/* End XCBuildConfiguration section */

/* Begin XCConfigurationList section */
		3CF210A62717970500D6C1D6 /* Build configuration list for PBXProject "AutoLayoutApp" */ = {
			isa = XCConfigurationList;
			buildConfigurations = (
				3CF210D32717970900D6C1D6 /* Debug */,
				3CF210D42717970900D6C1D6 /* Release */,
			);
			defaultConfigurationIsVisible = 0;
			defaultConfigurationName = Release;
		};
		3CF210D52717970900D6C1D6 /* Build configuration list for PBXNativeTarget "AutoLayoutApp" */ = {
			isa = XCConfigurationList;
			buildConfigurations = (
				3CF210D62717970900D6C1D6 /* Debug */,
				3CF210D72717970900D6C1D6 /* Release */,
			);
			defaultConfigurationIsVisible = 0;
			defaultConfigurationName = Release;
		};
		3CF210D82717970900D6C1D6 /* Build configuration list for PBXNativeTarget "AutoLayoutAppTests" */ = {
			isa = XCConfigurationList;
			buildConfigurations = (
				3CF210D92717970900D6C1D6 /* Debug */,
				3CF210DA2717970900D6C1D6 /* Release */,
			);
			defaultConfigurationIsVisible = 0;
			defaultConfigurationName = Release;
		};
		3CF210DB2717970900D6C1D6 /* Build configuration list for PBXNativeTarget "AutoLayoutAppUITests" */ = {
			isa = XCConfigurationList;
			buildConfigurations = (
				3CF210DC2717970900D6C1D6 /* Debug */,
				3CF210DD2717970900D6C1D6 /* Release */,
			);
			defaultConfigurationIsVisible = 0;
			defaultConfigurationName = Release;
		};
/* End XCConfigurationList section */
	};
	rootObject = 3CF210A32717970500D6C1D6 /* Project object */;
}
